
Microsoft Visual Studio Solution File, Format Version 12.00
# Visual Studio 15
VisualStudioVersion = 15.0.28307.852
MinimumVisualStudioVersion = 10.0.40219.1
Project("{E24C65DC-7377-472B-9ABA-BC803B73C61A}") = "salecommission", ".", "{45E785EF-E63E-4B2B-84C0-283F7E551F2B}"
	ProjectSection(WebsiteProperties) = preProject
		TargetFrameworkMoniker = ".NETFramework,Version%3Dv4.0"
		Debug.AspNetCompiler.VirtualPath = "/localhost_49188"
		Debug.AspNetCompiler.PhysicalPath = "..\salecommission\"
		Debug.AspNetCompiler.TargetPath = "PrecompiledWeb\localhost_49188\"
		Debug.AspNetCompiler.Updateable = "true"
		Debug.AspNetCompiler.ForceOverwrite = "true"
		Debug.AspNetCompiler.FixedNames = "false"
		Debug.AspNetCompiler.Debug = "True"
		Release.AspNetCompiler.VirtualPath = "/localhost_49188"
		Release.AspNetCompiler.PhysicalPath = "..\salecommission\"
		Release.AspNetCompiler.TargetPath = "PrecompiledWeb\localhost_49188\"
		Release.AspNetCompiler.Updateable = "true"
		Release.AspNetCompiler.ForceOverwrite = "true"
		Release.AspNetCompiler.FixedNames = "false"
		Release.AspNetCompiler.Debug = "False"
		VWDPort = "49188"
		SlnRelativePath = "..\salecommission\"
	EndProjectSection
EndProject
Global
	GlobalSection(SolutionConfigurationPlatforms) = preSolution
		Debug|Any CPU = Debug|Any CPU
	EndGlobalSection
	GlobalSection(ProjectConfigurationPlatforms) = postSolution
		{45E785EF-E63E-4B2B-84C0-283F7E551F2B}.Debug|Any CPU.ActiveCfg = Debug|Any CPU
		{45E785EF-E63E-4B2B-84C0-283F7E551F2B}.Debug|Any CPU.Build.0 = Debug|Any CPU
	EndGlobalSection
	GlobalSection(SolutionProperties) = preSolution
		HideSolutionNode = FALSE
	EndGlobalSection
	GlobalSection(ExtensibilityGlobals) = postSolution
		SolutionGuid = {9A638DCA-976E-4DD7-A3F0-7C40AE4178BC}
	EndGlobalSection
EndGlobal
